
Microsoft Visual Studio Solution File, Format Version 12.00
# Visual Studio Version 17
VisualStudioVersion = 17.0.32112.339
MinimumVisualStudioVersion = 10.0.40219.1
Project("{9A19103F-16F7-4668-BE54-9A1E7A4F7556}") = "BlockchainInCSharp", "BlockchainInCSharp.csproj", "{59A07397-9B51-46F7-89BE-5ADE812037ED}"
EndProject
Project("{9A19103F-16F7-4668-BE54-9A1E7A4F7556}") = "BlockchainInCSharp.Test", "..\BlockchainInCSharp.Test\BlockchainInCSharp.Test.csproj", "{2A042785-77FF-44CB-B733-41BCFB338920}"
EndProject
Project("{FAE04EC0-301F-11D3-BF4B-00C04F79EFBC}") = "BlockChainAPI", "..\BlockChainAPI\BlockChainAPI.csproj", "{BC8E98CF-0804-4F73-923C-C682D49C239B}"
EndProject
Global
	GlobalSection(SolutionConfigurationPlatforms) = preSolution
		Debug|Any CPU = Debug|Any CPU
		Release|Any CPU = Release|Any CPU
	EndGlobalSection
	GlobalSection(ProjectConfigurationPlatforms) = postSolution
		{59A07397-9B51-46F7-89BE-5ADE812037ED}.Debug|Any CPU.ActiveCfg = Debug|Any CPU
		{59A07397-9B51-46F7-89BE-5ADE812037ED}.Debug|Any CPU.Build.0 = Debug|Any CPU
		{59A07397-9B51-46F7-89BE-5ADE812037ED}.Release|Any CPU.ActiveCfg = Release|Any CPU
		{59A07397-9B51-46F7-89BE-5ADE812037ED}.Release|Any CPU.Build.0 = Release|Any CPU
		{2A042785-77FF-44CB-B733-41BCFB338920}.Debug|Any CPU.ActiveCfg = Debug|Any CPU
		{2A042785-77FF-44CB-B733-41BCFB338920}.Debug|Any CPU.Build.0 = Debug|Any CPU
		{2A042785-77FF-44CB-B733-41BCFB338920}.Release|Any CPU.ActiveCfg = Release|Any CPU
		{2A042785-77FF-44CB-B733-41BCFB338920}.Release|Any CPU.Build.0 = Release|Any CPU
		{BC8E98CF-0804-4F73-923C-C682D49C239B}.Debug|Any CPU.ActiveCfg = Debug|Any CPU
		{BC8E98CF-0804-4F73-923C-C682D49C239B}.Debug|Any CPU.Build.0 = Debug|Any CPU
		{BC8E98CF-0804-4F73-923C-C682D49C239B}.Release|Any CPU.ActiveCfg = Release|Any CPU
		{BC8E98CF-0804-4F73-923C-C682D49C239B}.Release|Any CPU.Build.0 = Release|Any CPU
	EndGlobalSection
	GlobalSection(SolutionProperties) = preSolution
		HideSolutionNode = FALSE
	EndGlobalSection
	GlobalSection(ExtensibilityGlobals) = postSolution
		SolutionGuid = {4387DFE4-A5A4-404F-945A-6428B7CE798F}
	EndGlobalSection
EndGlobal
